
Microsoft Visual Studio Solution File, Format Version 12.00
# Visual Studio Version 17
VisualStudioVersion = 17.6.33829.357
MinimumVisualStudioVersion = 10.0.40219.1
Project("{FAE04EC0-301F-11D3-BF4B-00C04F79EFBC}") = "Properties-2", "Properties-2.csproj", "{B357EFBA-EA23-411B-94BC-F935360A279B}"
EndProject
Global
	GlobalSection(SolutionConfigurationPlatforms) = preSolution
		Debug|Any CPU = Debug|Any CPU
		Release|Any CPU = Release|Any CPU
	EndGlobalSection
	GlobalSection(ProjectConfigurationPlatforms) = postSolution
		{B357EFBA-EA23-411B-94BC-F935360A279B}.Debug|Any CPU.ActiveCfg = Debug|Any CPU
		{B357EFBA-EA23-411B-94BC-F935360A279B}.Debug|Any CPU.Build.0 = Debug|Any CPU
		{B357EFBA-EA23-411B-94BC-F935360A279B}.Release|Any CPU.ActiveCfg = Release|Any CPU
		{B357EFBA-EA23-411B-94BC-F935360A279B}.Release|Any CPU.Build.0 = Release|Any CPU
	EndGlobalSection
	GlobalSection(SolutionProperties) = preSolution
		HideSolutionNode = FALSE
	EndGlobalSection
	GlobalSection(ExtensibilityGlobals) = postSolution
		SolutionGuid = {A84112CF-0284-4A3B-B87F-505472644DE8}
	EndGlobalSection
EndGlobal
