
Microsoft Visual Studio Solution File, Format Version 12.00
# Visual Studio Version 17
VisualStudioVersion = 17.6.33829.357
MinimumVisualStudioVersion = 10.0.40219.1
Project("{FAE04EC0-301F-11D3-BF4B-00C04F79EFBC}") = "AbstractClasses", "AbstractClasses.csproj", "{3B4E5ED7-8A52-4B1E-9CEF-C4ABCEC52E45}"
EndProject
Global
	GlobalSection(SolutionConfigurationPlatforms) = preSolution
		Debug|Any CPU = Debug|Any CPU
		Release|Any CPU = Release|Any CPU
	EndGlobalSection
	GlobalSection(ProjectConfigurationPlatforms) = postSolution
		{3B4E5ED7-8A52-4B1E-9CEF-C4ABCEC52E45}.Debug|Any CPU.ActiveCfg = Debug|Any CPU
		{3B4E5ED7-8A52-4B1E-9CEF-C4ABCEC52E45}.Debug|Any CPU.Build.0 = Debug|Any CPU
		{3B4E5ED7-8A52-4B1E-9CEF-C4ABCEC52E45}.Release|Any CPU.ActiveCfg = Release|Any CPU
		{3B4E5ED7-8A52-4B1E-9CEF-C4ABCEC52E45}.Release|Any CPU.Build.0 = Release|Any CPU
	EndGlobalSection
	GlobalSection(SolutionProperties) = preSolution
		HideSolutionNode = FALSE
	EndGlobalSection
	GlobalSection(ExtensibilityGlobals) = postSolution
		SolutionGuid = {41775395-D3D0-4A58-9DD8-FB1A4355D92D}
	EndGlobalSection
EndGlobal
