
Microsoft Visual Studio Solution File, Format Version 12.00
# Visual Studio Version 17
VisualStudioVersion = 17.6.33829.357
MinimumVisualStudioVersion = 10.0.40219.1
Project("{FAE04EC0-301F-11D3-BF4B-00C04F79EFBC}") = "Dictionaries", "Dictionaries.csproj", "{8ACF60F1-759B-4EFA-8C51-8CE682ACDBCA}"
EndProject
Global
	GlobalSection(SolutionConfigurationPlatforms) = preSolution
		Debug|Any CPU = Debug|Any CPU
		Release|Any CPU = Release|Any CPU
	EndGlobalSection
	GlobalSection(ProjectConfigurationPlatforms) = postSolution
		{8ACF60F1-759B-4EFA-8C51-8CE682ACDBCA}.Debug|Any CPU.ActiveCfg = Debug|Any CPU
		{8ACF60F1-759B-4EFA-8C51-8CE682ACDBCA}.Debug|Any CPU.Build.0 = Debug|Any CPU
		{8ACF60F1-759B-4EFA-8C51-8CE682ACDBCA}.Release|Any CPU.ActiveCfg = Release|Any CPU
		{8ACF60F1-759B-4EFA-8C51-8CE682ACDBCA}.Release|Any CPU.Build.0 = Release|Any CPU
	EndGlobalSection
	GlobalSection(SolutionProperties) = preSolution
		HideSolutionNode = FALSE
	EndGlobalSection
	GlobalSection(ExtensibilityGlobals) = postSolution
		SolutionGuid = {73F26762-6049-4B9D-856B-5267279C96A8}
	EndGlobalSection
EndGlobal
