
Microsoft Visual Studio Solution File, Format Version 12.00
# Visual Studio Version 17
VisualStudioVersion = 17.6.33829.357
MinimumVisualStudioVersion = 10.0.40219.1
Project("{FAE04EC0-301F-11D3-BF4B-00C04F79EFBC}") = "AsyncAndAwait", "AsyncAndAwait.csproj", "{4E366CF3-EC15-4ADC-A485-18DD6402AA48}"
EndProject
Global
	GlobalSection(SolutionConfigurationPlatforms) = preSolution
		Debug|Any CPU = Debug|Any CPU
		Release|Any CPU = Release|Any CPU
	EndGlobalSection
	GlobalSection(ProjectConfigurationPlatforms) = postSolution
		{4E366CF3-EC15-4ADC-A485-18DD6402AA48}.Debug|Any CPU.ActiveCfg = Debug|Any CPU
		{4E366CF3-EC15-4ADC-A485-18DD6402AA48}.Debug|Any CPU.Build.0 = Debug|Any CPU
		{4E366CF3-EC15-4ADC-A485-18DD6402AA48}.Release|Any CPU.ActiveCfg = Release|Any CPU
		{4E366CF3-EC15-4ADC-A485-18DD6402AA48}.Release|Any CPU.Build.0 = Release|Any CPU
	EndGlobalSection
	GlobalSection(SolutionProperties) = preSolution
		HideSolutionNode = FALSE
	EndGlobalSection
	GlobalSection(ExtensibilityGlobals) = postSolution
		SolutionGuid = {A05C3AD2-3FF9-4983-942F-FB6AD1523DA4}
	EndGlobalSection
EndGlobal
