
Microsoft Visual Studio Solution File, Format Version 12.00
# Visual Studio Version 17
VisualStudioVersion = 17.6.33829.357
MinimumVisualStudioVersion = 10.0.40219.1
Project("{FAE04EC0-301F-11D3-BF4B-00C04F79EFBC}") = "Stack", "Stack.csproj", "{4D5360E6-99B0-486E-B471-EBC13628A06A}"
EndProject
Global
	GlobalSection(SolutionConfigurationPlatforms) = preSolution
		Debug|Any CPU = Debug|Any CPU
		Release|Any CPU = Release|Any CPU
	EndGlobalSection
	GlobalSection(ProjectConfigurationPlatforms) = postSolution
		{4D5360E6-99B0-486E-B471-EBC13628A06A}.Debug|Any CPU.ActiveCfg = Debug|Any CPU
		{4D5360E6-99B0-486E-B471-EBC13628A06A}.Debug|Any CPU.Build.0 = Debug|Any CPU
		{4D5360E6-99B0-486E-B471-EBC13628A06A}.Release|Any CPU.ActiveCfg = Release|Any CPU
		{4D5360E6-99B0-486E-B471-EBC13628A06A}.Release|Any CPU.Build.0 = Release|Any CPU
	EndGlobalSection
	GlobalSection(SolutionProperties) = preSolution
		HideSolutionNode = FALSE
	EndGlobalSection
	GlobalSection(ExtensibilityGlobals) = postSolution
		SolutionGuid = {F039CB3B-52AF-454C-A285-6494FD7A017A}
	EndGlobalSection
EndGlobal
