
Microsoft Visual Studio Solution File, Format Version 12.00
# Visual Studio Version 17
VisualStudioVersion = 17.6.33829.357
MinimumVisualStudioVersion = 10.0.40219.1
Project("{FAE04EC0-301F-11D3-BF4B-00C04F79EFBC}") = "MulticastDelegates", "MulticastDelegates.csproj", "{6230DC16-0D7E-4BB8-A421-92917037706C}"
EndProject
Global
	GlobalSection(SolutionConfigurationPlatforms) = preSolution
		Debug|Any CPU = Debug|Any CPU
		Release|Any CPU = Release|Any CPU
	EndGlobalSection
	GlobalSection(ProjectConfigurationPlatforms) = postSolution
		{6230DC16-0D7E-4BB8-A421-92917037706C}.Debug|Any CPU.ActiveCfg = Debug|Any CPU
		{6230DC16-0D7E-4BB8-A421-92917037706C}.Debug|Any CPU.Build.0 = Debug|Any CPU
		{6230DC16-0D7E-4BB8-A421-92917037706C}.Release|Any CPU.ActiveCfg = Release|Any CPU
		{6230DC16-0D7E-4BB8-A421-92917037706C}.Release|Any CPU.Build.0 = Release|Any CPU
	EndGlobalSection
	GlobalSection(SolutionProperties) = preSolution
		HideSolutionNode = FALSE
	EndGlobalSection
	GlobalSection(ExtensibilityGlobals) = postSolution
		SolutionGuid = {832C3595-1C18-4610-803B-4BCDAA42B104}
	EndGlobalSection
EndGlobal
