
Microsoft Visual Studio Solution File, Format Version 12.00
# Visual Studio Version 17
VisualStudioVersion = 17.6.33829.357
MinimumVisualStudioVersion = 10.0.40219.1
Project("{FAE04EC0-301F-11D3-BF4B-00C04F79EFBC}") = "AttributesAndReflection", "AttributesAndReflection.csproj", "{E5479DB6-FF31-4D10-92F3-172309C1DC12}"
EndProject
Global
	GlobalSection(SolutionConfigurationPlatforms) = preSolution
		Debug|Any CPU = Debug|Any CPU
		Release|Any CPU = Release|Any CPU
	EndGlobalSection
	GlobalSection(ProjectConfigurationPlatforms) = postSolution
		{E5479DB6-FF31-4D10-92F3-172309C1DC12}.Debug|Any CPU.ActiveCfg = Debug|Any CPU
		{E5479DB6-FF31-4D10-92F3-172309C1DC12}.Debug|Any CPU.Build.0 = Debug|Any CPU
		{E5479DB6-FF31-4D10-92F3-172309C1DC12}.Release|Any CPU.ActiveCfg = Release|Any CPU
		{E5479DB6-FF31-4D10-92F3-172309C1DC12}.Release|Any CPU.Build.0 = Release|Any CPU
	EndGlobalSection
	GlobalSection(SolutionProperties) = preSolution
		HideSolutionNode = FALSE
	EndGlobalSection
	GlobalSection(ExtensibilityGlobals) = postSolution
		SolutionGuid = {D040EE81-47DE-4ECE-A5A7-1E3D2158DDE7}
	EndGlobalSection
EndGlobal
