
Microsoft Visual Studio Solution File, Format Version 12.00
# Visual Studio Version 17
VisualStudioVersion = 17.6.33829.357
MinimumVisualStudioVersion = 10.0.40219.1
Project("{FAE04EC0-301F-11D3-BF4B-00C04F79EFBC}") = "Task2", "Task2.csproj", "{223012AB-CF37-4EFE-9556-FCE986BCAAF6}"
EndProject
Global
	GlobalSection(SolutionConfigurationPlatforms) = preSolution
		Debug|Any CPU = Debug|Any CPU
		Release|Any CPU = Release|Any CPU
	EndGlobalSection
	GlobalSection(ProjectConfigurationPlatforms) = postSolution
		{223012AB-CF37-4EFE-9556-FCE986BCAAF6}.Debug|Any CPU.ActiveCfg = Debug|Any CPU
		{223012AB-CF37-4EFE-9556-FCE986BCAAF6}.Debug|Any CPU.Build.0 = Debug|Any CPU
		{223012AB-CF37-4EFE-9556-FCE986BCAAF6}.Release|Any CPU.ActiveCfg = Release|Any CPU
		{223012AB-CF37-4EFE-9556-FCE986BCAAF6}.Release|Any CPU.Build.0 = Release|Any CPU
	EndGlobalSection
	GlobalSection(SolutionProperties) = preSolution
		HideSolutionNode = FALSE
	EndGlobalSection
	GlobalSection(ExtensibilityGlobals) = postSolution
		SolutionGuid = {FBBADB56-909D-4F10-B551-5E3388EA63BA}
	EndGlobalSection
EndGlobal
